
Microsoft Visual Studio Solution File, Format Version 12.00
# Visual Studio 2013
VisualStudioVersion = 12.0.21005.1
MinimumVisualStudioVersion = 10.0.40219.1
Project("{FAE04EC0-301F-11D3-BF4B-00C04F79EFBC}") = "Hatfield.EnviroData.DataAcquisition", "Source\Hatfield.EnviroData.DataAcquisition\Hatfield.EnviroData.DataAcquisition.csproj", "{FB279550-18D7-43D5-BC1E-01B651ED1C76}"
EndProject
Project("{FAE04EC0-301F-11D3-BF4B-00C04F79EFBC}") = "Hatfield.EnviroData.DataAcquisition.CSV", "Source\Hatfield.EnviroData.DataAcquisition.CSV\Hatfield.EnviroData.DataAcquisition.CSV.csproj", "{A3DCC824-A35F-4425-B9DB-ADB876D8A5E3}"
EndProject
Project("{2150E333-8FDC-42A3-9474-1A3956D46DE8}") = "Test", "Test", "{4FDB23DD-4C5E-44DC-BC91-AB17F1E04D1D}"
EndProject
Project("{FAE04EC0-301F-11D3-BF4B-00C04F79EFBC}") = "Hatfield.EnviroData.DataAcquisition.CSV.Test", "Test\Hatfield.EnviroData.DataAcquisition.CSV.Test\Hatfield.EnviroData.DataAcquisition.CSV.Test.csproj", "{07CF7A93-EC3E-4910-B754-E292374B0FE0}"
EndProject
Project("{FAE04EC0-301F-11D3-BF4B-00C04F79EFBC}") = "Hatfield.EnviroData.DataAcquisition.Test", "Test\Hatfield.EnviroData.DataAcquisition.Test\Hatfield.EnviroData.DataAcquisition.Test.csproj", "{9E1053F8-8FB1-4591-A951-307FF6F928AF}"
EndProject
Project("{2150E333-8FDC-42A3-9474-1A3956D46DE8}") = "Deploy", "Deploy", "{240D8D57-B89D-4B1C-B9AE-1378962BF6FD}"
	ProjectSection(SolutionItems) = preProject
		Deploy\build.xml = Deploy\build.xml
	EndProjectSection
EndProject
Project("{2150E333-8FDC-42A3-9474-1A3956D46DE8}") = ".nuget", ".nuget", "{3708C995-EADE-4587-924C-143D58F61724}"
	ProjectSection(SolutionItems) = preProject
		.nuget\NuGet.Config = .nuget\NuGet.Config
		.nuget\NuGet.exe = .nuget\NuGet.exe
		.nuget\NuGet.targets = .nuget\NuGet.targets
	EndProjectSection
EndProject
Project("{FAE04EC0-301F-11D3-BF4B-00C04F79EFBC}") = "Hatfield.EnviroData.DataAcquisition.ESDAT", "Source\Hatfield.EnviroData.DataAcquisition.ESDAT\Hatfield.EnviroData.DataAcquisition.ESDAT.csproj", "{327CF9C6-1298-4887-8B9F-31400E5DBD05}"
EndProject
Project("{FAE04EC0-301F-11D3-BF4B-00C04F79EFBC}") = "Hatfield.EnviroData.DataAcquisition.ESDAT.Test", "Test\Hatfield.EnviroData.DataAcquisition.ESDAT.Test\Hatfield.EnviroData.DataAcquisition.ESDAT.Test.csproj", "{7C4D04A4-1F88-49CE-9398-2DDA04AAA687}"
EndProject
Project("{FAE04EC0-301F-11D3-BF4B-00C04F79EFBC}") = "Hatfield.EnviroData.DataAcquisition.XML", "Source\Hatfield.EnviroData.DataAcquisition.XML\Hatfield.EnviroData.DataAcquisition.XML.csproj", "{3DC7A821-C52C-42D7-B769-ABFF94B24EDE}"
EndProject
Project("{FAE04EC0-301F-11D3-BF4B-00C04F79EFBC}") = "Hatfield.EnviroData.DataAcquisition.XML.Test", "Test\Hatfield.EnviroData.DataAcquisition.XML.Test\Hatfield.EnviroData.DataAcquisition.XML.Test.csproj", "{3A805DFD-429B-4C17-B2E6-F7D23A760538}"
EndProject
Project("{FAE04EC0-301F-11D3-BF4B-00C04F79EFBC}") = "Hatfield.EnviroData.DataAcquisition.JSON", "Source\Hatfield.EnviroData.DataAcquisition.JSON\Hatfield.EnviroData.DataAcquisition.JSON.csproj", "{0FEA5B18-6ACD-41D4-980D-870BF5174132}"
EndProject
Project("{FAE04EC0-301F-11D3-BF4B-00C04F79EFBC}") = "Hatfield.EnviroData.DataAcquisition.JSON.Test", "Test\Hatfield.EnviroData.DataAcquisition.JSON.Test\Hatfield.EnviroData.DataAcquisition.JSON.Test.csproj", "{80F1A678-E77E-415D-9097-64A25DB32C9D}"
EndProject
Global
	GlobalSection(SolutionConfigurationPlatforms) = preSolution
		Debug|Any CPU = Debug|Any CPU
		Release|Any CPU = Release|Any CPU
	EndGlobalSection
	GlobalSection(ProjectConfigurationPlatforms) = postSolution
		{FB279550-18D7-43D5-BC1E-01B651ED1C76}.Debug|Any CPU.ActiveCfg = Debug|Any CPU
		{FB279550-18D7-43D5-BC1E-01B651ED1C76}.Debug|Any CPU.Build.0 = Debug|Any CPU
		{FB279550-18D7-43D5-BC1E-01B651ED1C76}.Release|Any CPU.ActiveCfg = Release|Any CPU
		{FB279550-18D7-43D5-BC1E-01B651ED1C76}.Release|Any CPU.Build.0 = Release|Any CPU
		{A3DCC824-A35F-4425-B9DB-ADB876D8A5E3}.Debug|Any CPU.ActiveCfg = Debug|Any CPU
		{A3DCC824-A35F-4425-B9DB-ADB876D8A5E3}.Debug|Any CPU.Build.0 = Debug|Any CPU
		{A3DCC824-A35F-4425-B9DB-ADB876D8A5E3}.Release|Any CPU.ActiveCfg = Release|Any CPU
		{A3DCC824-A35F-4425-B9DB-ADB876D8A5E3}.Release|Any CPU.Build.0 = Release|Any CPU
		{07CF7A93-EC3E-4910-B754-E292374B0FE0}.Debug|Any CPU.ActiveCfg = Debug|Any CPU
		{07CF7A93-EC3E-4910-B754-E292374B0FE0}.Debug|Any CPU.Build.0 = Debug|Any CPU
		{07CF7A93-EC3E-4910-B754-E292374B0FE0}.Release|Any CPU.ActiveCfg = Release|Any CPU
		{07CF7A93-EC3E-4910-B754-E292374B0FE0}.Release|Any CPU.Build.0 = Release|Any CPU
		{9E1053F8-8FB1-4591-A951-307FF6F928AF}.Debug|Any CPU.ActiveCfg = Debug|Any CPU
		{9E1053F8-8FB1-4591-A951-307FF6F928AF}.Debug|Any CPU.Build.0 = Debug|Any CPU
		{9E1053F8-8FB1-4591-A951-307FF6F928AF}.Release|Any CPU.ActiveCfg = Release|Any CPU
		{9E1053F8-8FB1-4591-A951-307FF6F928AF}.Release|Any CPU.Build.0 = Release|Any CPU
		{327CF9C6-1298-4887-8B9F-31400E5DBD05}.Debug|Any CPU.ActiveCfg = Debug|Any CPU
		{327CF9C6-1298-4887-8B9F-31400E5DBD05}.Debug|Any CPU.Build.0 = Debug|Any CPU
		{327CF9C6-1298-4887-8B9F-31400E5DBD05}.Release|Any CPU.ActiveCfg = Release|Any CPU
		{327CF9C6-1298-4887-8B9F-31400E5DBD05}.Release|Any CPU.Build.0 = Release|Any CPU
		{7C4D04A4-1F88-49CE-9398-2DDA04AAA687}.Debug|Any CPU.ActiveCfg = Debug|Any CPU
		{7C4D04A4-1F88-49CE-9398-2DDA04AAA687}.Debug|Any CPU.Build.0 = Debug|Any CPU
		{7C4D04A4-1F88-49CE-9398-2DDA04AAA687}.Release|Any CPU.ActiveCfg = Release|Any CPU
		{7C4D04A4-1F88-49CE-9398-2DDA04AAA687}.Release|Any CPU.Build.0 = Release|Any CPU
		{3DC7A821-C52C-42D7-B769-ABFF94B24EDE}.Debug|Any CPU.ActiveCfg = Debug|Any CPU
		{3DC7A821-C52C-42D7-B769-ABFF94B24EDE}.Debug|Any CPU.Build.0 = Debug|Any CPU
		{3DC7A821-C52C-42D7-B769-ABFF94B24EDE}.Release|Any CPU.ActiveCfg = Release|Any CPU
		{3DC7A821-C52C-42D7-B769-ABFF94B24EDE}.Release|Any CPU.Build.0 = Release|Any CPU
		{3A805DFD-429B-4C17-B2E6-F7D23A760538}.Debug|Any CPU.ActiveCfg = Debug|Any CPU
		{3A805DFD-429B-4C17-B2E6-F7D23A760538}.Debug|Any CPU.Build.0 = Debug|Any CPU
		{3A805DFD-429B-4C17-B2E6-F7D23A760538}.Release|Any CPU.ActiveCfg = Release|Any CPU
		{3A805DFD-429B-4C17-B2E6-F7D23A760538}.Release|Any CPU.Build.0 = Release|Any CPU
		{0FEA5B18-6ACD-41D4-980D-870BF5174132}.Debug|Any CPU.ActiveCfg = Debug|Any CPU
		{0FEA5B18-6ACD-41D4-980D-870BF5174132}.Debug|Any CPU.Build.0 = Debug|Any CPU
		{0FEA5B18-6ACD-41D4-980D-870BF5174132}.Release|Any CPU.ActiveCfg = Release|Any CPU
		{0FEA5B18-6ACD-41D4-980D-870BF5174132}.Release|Any CPU.Build.0 = Release|Any CPU
		{80F1A678-E77E-415D-9097-64A25DB32C9D}.Debug|Any CPU.ActiveCfg = Debug|Any CPU
		{80F1A678-E77E-415D-9097-64A25DB32C9D}.Debug|Any CPU.Build.0 = Debug|Any CPU
		{80F1A678-E77E-415D-9097-64A25DB32C9D}.Release|Any CPU.ActiveCfg = Release|Any CPU
		{80F1A678-E77E-415D-9097-64A25DB32C9D}.Release|Any CPU.Build.0 = Release|Any CPU
	EndGlobalSection
	GlobalSection(SolutionProperties) = preSolution
		HideSolutionNode = FALSE
	EndGlobalSection
	GlobalSection(NestedProjects) = preSolution
		{07CF7A93-EC3E-4910-B754-E292374B0FE0} = {4FDB23DD-4C5E-44DC-BC91-AB17F1E04D1D}
		{9E1053F8-8FB1-4591-A951-307FF6F928AF} = {4FDB23DD-4C5E-44DC-BC91-AB17F1E04D1D}
		{7C4D04A4-1F88-49CE-9398-2DDA04AAA687} = {4FDB23DD-4C5E-44DC-BC91-AB17F1E04D1D}
		{3A805DFD-429B-4C17-B2E6-F7D23A760538} = {4FDB23DD-4C5E-44DC-BC91-AB17F1E04D1D}
		{80F1A678-E77E-415D-9097-64A25DB32C9D} = {4FDB23DD-4C5E-44DC-BC91-AB17F1E04D1D}
	EndGlobalSection
EndGlobal
